
Microsoft Visual Studio Solution File, Format Version 12.00
# Visual Studio Version 17
VisualStudioVersion = 17.7.34202.233
MinimumVisualStudioVersion = 10.0.40219.1
Project("{8BC9CEB8-8B4A-11D0-8D11-00A0C91BC942}") = "cs_usermode", "cs2_usermode\Valorant\Valorant.vcxproj", "{101AFE41-BEEB-4FB0-816C-0C4E5283A567}"
EndProject
Project("{8BC9CEB8-8B4A-11D0-8D11-00A0C91BC942}") = "Kernel", "driver\Kernel\Kernel.vcxproj", "{3B725F50-D74E-4CE5-B3AE-3D68AAED5E83}"
EndProject
Global
	GlobalSection(SolutionConfigurationPlatforms) = preSolution
		Debug|ARM = Debug|ARM
		Debug|ARM64 = Debug|ARM64
		Debug|x64 = Debug|x64
		Debug|x86 = Debug|x86
		Release|ARM = Release|ARM
		Release|ARM64 = Release|ARM64
		Release|x64 = Release|x64
		Release|x86 = Release|x86
	EndGlobalSection
	GlobalSection(ProjectConfigurationPlatforms) = postSolution
		{101AFE41-BEEB-4FB0-816C-0C4E5283A567}.Debug|ARM.ActiveCfg = Debug|x64
		{101AFE41-BEEB-4FB0-816C-0C4E5283A567}.Debug|ARM.Build.0 = Debug|x64
		{101AFE41-BEEB-4FB0-816C-0C4E5283A567}.Debug|ARM64.ActiveCfg = Debug|x64
		{101AFE41-BEEB-4FB0-816C-0C4E5283A567}.Debug|ARM64.Build.0 = Debug|x64
		{101AFE41-BEEB-4FB0-816C-0C4E5283A567}.Debug|x64.ActiveCfg = Debug|x64
		{101AFE41-BEEB-4FB0-816C-0C4E5283A567}.Debug|x64.Build.0 = Debug|x64
		{101AFE41-BEEB-4FB0-816C-0C4E5283A567}.Debug|x86.ActiveCfg = Debug|Win32
		{101AFE41-BEEB-4FB0-816C-0C4E5283A567}.Debug|x86.Build.0 = Debug|Win32
		{101AFE41-BEEB-4FB0-816C-0C4E5283A567}.Release|ARM.ActiveCfg = Release|x64
		{101AFE41-BEEB-4FB0-816C-0C4E5283A567}.Release|ARM.Build.0 = Release|x64
		{101AFE41-BEEB-4FB0-816C-0C4E5283A567}.Release|ARM64.ActiveCfg = Release|x64
		{101AFE41-BEEB-4FB0-816C-0C4E5283A567}.Release|ARM64.Build.0 = Release|x64
		{101AFE41-BEEB-4FB0-816C-0C4E5283A567}.Release|x64.ActiveCfg = Release|x64
		{101AFE41-BEEB-4FB0-816C-0C4E5283A567}.Release|x64.Build.0 = Release|x64
		{101AFE41-BEEB-4FB0-816C-0C4E5283A567}.Release|x86.ActiveCfg = Release|Win32
		{101AFE41-BEEB-4FB0-816C-0C4E5283A567}.Release|x86.Build.0 = Release|Win32
		{3B725F50-D74E-4CE5-B3AE-3D68AAED5E83}.Debug|ARM.ActiveCfg = Release|x64
		{3B725F50-D74E-4CE5-B3AE-3D68AAED5E83}.Debug|ARM.Build.0 = Release|x64
		{3B725F50-D74E-4CE5-B3AE-3D68AAED5E83}.Debug|ARM64.ActiveCfg = Release|x64
		{3B725F50-D74E-4CE5-B3AE-3D68AAED5E83}.Debug|ARM64.Build.0 = Release|x64
		{3B725F50-D74E-4CE5-B3AE-3D68AAED5E83}.Debug|x64.ActiveCfg = Release|x64
		{3B725F50-D74E-4CE5-B3AE-3D68AAED5E83}.Debug|x64.Build.0 = Release|x64
		{3B725F50-D74E-4CE5-B3AE-3D68AAED5E83}.Debug|x86.ActiveCfg = Release|x64
		{3B725F50-D74E-4CE5-B3AE-3D68AAED5E83}.Debug|x86.Build.0 = Release|x64
		{3B725F50-D74E-4CE5-B3AE-3D68AAED5E83}.Release|ARM.ActiveCfg = Release|x64
		{3B725F50-D74E-4CE5-B3AE-3D68AAED5E83}.Release|ARM.Build.0 = Release|x64
		{3B725F50-D74E-4CE5-B3AE-3D68AAED5E83}.Release|ARM64.ActiveCfg = Release|x64
		{3B725F50-D74E-4CE5-B3AE-3D68AAED5E83}.Release|ARM64.Build.0 = Release|x64
		{3B725F50-D74E-4CE5-B3AE-3D68AAED5E83}.Release|x64.ActiveCfg = Release|x64
		{3B725F50-D74E-4CE5-B3AE-3D68AAED5E83}.Release|x64.Build.0 = Release|x64
		{3B725F50-D74E-4CE5-B3AE-3D68AAED5E83}.Release|x86.ActiveCfg = Release|x64
		{3B725F50-D74E-4CE5-B3AE-3D68AAED5E83}.Release|x86.Build.0 = Release|x64
	EndGlobalSection
	GlobalSection(SolutionProperties) = preSolution
		HideSolutionNode = FALSE
	EndGlobalSection
	GlobalSection(ExtensibilityGlobals) = postSolution
		SolutionGuid = {B5C946DE-782A-4694-B495-2B7E42B3A5AB}
	EndGlobalSection
EndGlobal
